
Microsoft Visual Studio Solution File, Format Version 12.00
# Visual Studio Version 17
VisualStudioVersion = 17.10.35013.160
MinimumVisualStudioVersion = 10.0.40219.1
Project("{FAE04EC0-301F-11D3-BF4B-00C04F79EFBC}") = "MiscTopics", "MiscTopics\MiscTopics.csproj", "{A03091F9-EF7B-4281-BCBC-BCCD83EA6541}"
EndProject
Global
	GlobalSection(SolutionConfigurationPlatforms) = preSolution
		Debug|Any CPU = Debug|Any CPU
		Release|Any CPU = Release|Any CPU
	EndGlobalSection
	GlobalSection(ProjectConfigurationPlatforms) = postSolution
		{A03091F9-EF7B-4281-BCBC-BCCD83EA6541}.Debug|Any CPU.ActiveCfg = Debug|Any CPU
		{A03091F9-EF7B-4281-BCBC-BCCD83EA6541}.Debug|Any CPU.Build.0 = Debug|Any CPU
		{A03091F9-EF7B-4281-BCBC-BCCD83EA6541}.Release|Any CPU.ActiveCfg = Release|Any CPU
		{A03091F9-EF7B-4281-BCBC-BCCD83EA6541}.Release|Any CPU.Build.0 = Release|Any CPU
	EndGlobalSection
	GlobalSection(SolutionProperties) = preSolution
		HideSolutionNode = FALSE
	EndGlobalSection
	GlobalSection(ExtensibilityGlobals) = postSolution
		SolutionGuid = {A25F91C8-891A-494C-8AB0-0AC3E97ACDC8}
	EndGlobalSection
EndGlobal
